
Microsoft Visual Studio Solution File, Format Version 12.00
# Visual Studio Version 17
VisualStudioVersion = 17.10.35027.167
MinimumVisualStudioVersion = 10.0.40219.1
Project("{FAE04EC0-301F-11D3-BF4B-00C04F79EFBC}") = "Lesson10", "Lesson10\Lesson10.csproj", "{38D2249B-25F7-4D72-9329-2BA74E397F13}"
EndProject
Project("{FAE04EC0-301F-11D3-BF4B-00C04F79EFBC}") = "Task2", "Task2\Task2.csproj", "{D75B90A0-E15A-47FA-8506-8DB7B8982371}"
EndProject
Project("{FAE04EC0-301F-11D3-BF4B-00C04F79EFBC}") = "Task_additional", "Task_additional\Task_additional.csproj", "{E6F6C96F-979E-4236-ADE2-8163C44AB46B}"
EndProject
Global
	GlobalSection(SolutionConfigurationPlatforms) = preSolution
		Debug|Any CPU = Debug|Any CPU
		Release|Any CPU = Release|Any CPU
	EndGlobalSection
	GlobalSection(ProjectConfigurationPlatforms) = postSolution
		{38D2249B-25F7-4D72-9329-2BA74E397F13}.Debug|Any CPU.ActiveCfg = Debug|Any CPU
		{38D2249B-25F7-4D72-9329-2BA74E397F13}.Debug|Any CPU.Build.0 = Debug|Any CPU
		{38D2249B-25F7-4D72-9329-2BA74E397F13}.Release|Any CPU.ActiveCfg = Release|Any CPU
		{38D2249B-25F7-4D72-9329-2BA74E397F13}.Release|Any CPU.Build.0 = Release|Any CPU
		{D75B90A0-E15A-47FA-8506-8DB7B8982371}.Debug|Any CPU.ActiveCfg = Debug|Any CPU
		{D75B90A0-E15A-47FA-8506-8DB7B8982371}.Debug|Any CPU.Build.0 = Debug|Any CPU
		{D75B90A0-E15A-47FA-8506-8DB7B8982371}.Release|Any CPU.ActiveCfg = Release|Any CPU
		{D75B90A0-E15A-47FA-8506-8DB7B8982371}.Release|Any CPU.Build.0 = Release|Any CPU
		{E6F6C96F-979E-4236-ADE2-8163C44AB46B}.Debug|Any CPU.ActiveCfg = Debug|Any CPU
		{E6F6C96F-979E-4236-ADE2-8163C44AB46B}.Debug|Any CPU.Build.0 = Debug|Any CPU
		{E6F6C96F-979E-4236-ADE2-8163C44AB46B}.Release|Any CPU.ActiveCfg = Release|Any CPU
		{E6F6C96F-979E-4236-ADE2-8163C44AB46B}.Release|Any CPU.Build.0 = Release|Any CPU
	EndGlobalSection
	GlobalSection(SolutionProperties) = preSolution
		HideSolutionNode = FALSE
	EndGlobalSection
	GlobalSection(ExtensibilityGlobals) = postSolution
		SolutionGuid = {248D3C5C-2654-4DEF-B317-6286EE090376}
	EndGlobalSection
EndGlobal
